
Microsoft Visual Studio Solution File, Format Version 12.00
# Visual Studio Version 16
VisualStudioVersion = 16.0.30406.217
MinimumVisualStudioVersion = 10.0.40219.1
Project("{F184B08F-C81C-45F6-A57F-5ABD9991F28F}") = "DinnerMenuProgram", "DinnerMenuProgram.vbproj", "{C81CC9CF-C9EE-4EF5-B392-EB78A6373301}"
EndProject
Global
	GlobalSection(SolutionConfigurationPlatforms) = preSolution
		Debug|Any CPU = Debug|Any CPU
		Release|Any CPU = Release|Any CPU
	EndGlobalSection
	GlobalSection(ProjectConfigurationPlatforms) = postSolution
		{C81CC9CF-C9EE-4EF5-B392-EB78A6373301}.Debug|Any CPU.ActiveCfg = Debug|Any CPU
		{C81CC9CF-C9EE-4EF5-B392-EB78A6373301}.Debug|Any CPU.Build.0 = Debug|Any CPU
		{C81CC9CF-C9EE-4EF5-B392-EB78A6373301}.Release|Any CPU.ActiveCfg = Release|Any CPU
		{C81CC9CF-C9EE-4EF5-B392-EB78A6373301}.Release|Any CPU.Build.0 = Release|Any CPU
	EndGlobalSection
	GlobalSection(SolutionProperties) = preSolution
		HideSolutionNode = FALSE
	EndGlobalSection
	GlobalSection(ExtensibilityGlobals) = postSolution
		SolutionGuid = {3D142185-9410-4E52-87AD-F44359567D75}
	EndGlobalSection
EndGlobal
